
Microsoft Visual Studio Solution File, Format Version 12.00
# Visual Studio 15
VisualStudioVersion = 15.0.26430.6
MinimumVisualStudioVersion = 10.0.40219.1
Project("{FAE04EC0-301F-11D3-BF4B-00C04F79EFBC}") = "EraCS.Core", "EraCS.Core\EraCS.Core.csproj", "{F044D821-C9E9-4DF7-9B37-DFE2BE4DD711}"
EndProject
Project("{2150E333-8FDC-42A3-9474-1A3956D46DE8}") = "Test", "Test", "{38A39412-E3B9-434E-93EB-0F1387247902}"
EndProject
Project("{FAE04EC0-301F-11D3-BF4B-00C04F79EFBC}") = "EraCS.Core.Test.Program", "EraCS.Core.Test.Program\EraCS.Core.Test.Program.csproj", "{06EC4DF0-3027-44F5-BA2A-7E4EC3E0AEFD}"
EndProject
Project("{FAE04EC0-301F-11D3-BF4B-00C04F79EFBC}") = "EraCS.UI.Console.EraConsole", "EraCS.UI.Console.EraConsole\EraCS.UI.Console.EraConsole.csproj", "{48FAEA71-96F3-4F48-A7F1-4E06E519B2FE}"
EndProject
Project("{2150E333-8FDC-42A3-9474-1A3956D46DE8}") = "UI", "UI", "{395EF0D7-4566-4B8D-827B-462CF61FFD26}"
EndProject
Project("{2150E333-8FDC-42A3-9474-1A3956D46DE8}") = "Console", "Console", "{9F8BB3F0-BCDE-40D6-B97F-20EDFEFEC1D5}"
EndProject
Project("{2150E333-8FDC-42A3-9474-1A3956D46DE8}") = "FrontEnd", "FrontEnd", "{C6786F7D-AA6B-49F5-8AE1-0FDDA3CC333C}"
EndProject
Project("{FAE04EC0-301F-11D3-BF4B-00C04F79EFBC}") = "EraCS.UI.FrontEnd.Wpf", "EraCS.UI.FrontEnd.Wpf\EraCS.UI.FrontEnd.Wpf.csproj", "{5BB11C03-3739-46D1-9736-9B70F00E80D0}"
EndProject
Project("{FAE04EC0-301F-11D3-BF4B-00C04F79EFBC}") = "EraCS.UI.FrontEnd.Wpf.Test", "EraCS.UI.FrontEnd.Wpf.Test\EraCS.UI.FrontEnd.Wpf.Test.csproj", "{6979480E-B362-442F-9AF2-6187117F9D08}"
EndProject
Global
	GlobalSection(SolutionConfigurationPlatforms) = preSolution
		Debug|Any CPU = Debug|Any CPU
		Debug|x64 = Debug|x64
		Release|Any CPU = Release|Any CPU
		Release|x64 = Release|x64
	EndGlobalSection
	GlobalSection(ProjectConfigurationPlatforms) = postSolution
		{F044D821-C9E9-4DF7-9B37-DFE2BE4DD711}.Debug|Any CPU.ActiveCfg = Debug|Any CPU
		{F044D821-C9E9-4DF7-9B37-DFE2BE4DD711}.Debug|Any CPU.Build.0 = Debug|Any CPU
		{F044D821-C9E9-4DF7-9B37-DFE2BE4DD711}.Debug|x64.ActiveCfg = Debug|Any CPU
		{F044D821-C9E9-4DF7-9B37-DFE2BE4DD711}.Debug|x64.Build.0 = Debug|Any CPU
		{F044D821-C9E9-4DF7-9B37-DFE2BE4DD711}.Release|Any CPU.ActiveCfg = Release|Any CPU
		{F044D821-C9E9-4DF7-9B37-DFE2BE4DD711}.Release|Any CPU.Build.0 = Release|Any CPU
		{F044D821-C9E9-4DF7-9B37-DFE2BE4DD711}.Release|x64.ActiveCfg = Release|Any CPU
		{F044D821-C9E9-4DF7-9B37-DFE2BE4DD711}.Release|x64.Build.0 = Release|Any CPU
		{06EC4DF0-3027-44F5-BA2A-7E4EC3E0AEFD}.Debug|Any CPU.ActiveCfg = Debug|Any CPU
		{06EC4DF0-3027-44F5-BA2A-7E4EC3E0AEFD}.Debug|Any CPU.Build.0 = Debug|Any CPU
		{06EC4DF0-3027-44F5-BA2A-7E4EC3E0AEFD}.Debug|x64.ActiveCfg = Debug|Any CPU
		{06EC4DF0-3027-44F5-BA2A-7E4EC3E0AEFD}.Debug|x64.Build.0 = Debug|Any CPU
		{06EC4DF0-3027-44F5-BA2A-7E4EC3E0AEFD}.Release|Any CPU.ActiveCfg = Release|Any CPU
		{06EC4DF0-3027-44F5-BA2A-7E4EC3E0AEFD}.Release|Any CPU.Build.0 = Release|Any CPU
		{06EC4DF0-3027-44F5-BA2A-7E4EC3E0AEFD}.Release|x64.ActiveCfg = Release|Any CPU
		{06EC4DF0-3027-44F5-BA2A-7E4EC3E0AEFD}.Release|x64.Build.0 = Release|Any CPU
		{48FAEA71-96F3-4F48-A7F1-4E06E519B2FE}.Debug|Any CPU.ActiveCfg = Debug|Any CPU
		{48FAEA71-96F3-4F48-A7F1-4E06E519B2FE}.Debug|Any CPU.Build.0 = Debug|Any CPU
		{48FAEA71-96F3-4F48-A7F1-4E06E519B2FE}.Debug|x64.ActiveCfg = Debug|Any CPU
		{48FAEA71-96F3-4F48-A7F1-4E06E519B2FE}.Debug|x64.Build.0 = Debug|Any CPU
		{48FAEA71-96F3-4F48-A7F1-4E06E519B2FE}.Release|Any CPU.ActiveCfg = Release|Any CPU
		{48FAEA71-96F3-4F48-A7F1-4E06E519B2FE}.Release|Any CPU.Build.0 = Release|Any CPU
		{48FAEA71-96F3-4F48-A7F1-4E06E519B2FE}.Release|x64.ActiveCfg = Release|Any CPU
		{48FAEA71-96F3-4F48-A7F1-4E06E519B2FE}.Release|x64.Build.0 = Release|Any CPU
		{5BB11C03-3739-46D1-9736-9B70F00E80D0}.Debug|Any CPU.ActiveCfg = Debug|Any CPU
		{5BB11C03-3739-46D1-9736-9B70F00E80D0}.Debug|Any CPU.Build.0 = Debug|Any CPU
		{5BB11C03-3739-46D1-9736-9B70F00E80D0}.Debug|x64.ActiveCfg = Debug|Any CPU
		{5BB11C03-3739-46D1-9736-9B70F00E80D0}.Debug|x64.Build.0 = Debug|Any CPU
		{5BB11C03-3739-46D1-9736-9B70F00E80D0}.Release|Any CPU.ActiveCfg = Release|Any CPU
		{5BB11C03-3739-46D1-9736-9B70F00E80D0}.Release|Any CPU.Build.0 = Release|Any CPU
		{5BB11C03-3739-46D1-9736-9B70F00E80D0}.Release|x64.ActiveCfg = Release|Any CPU
		{5BB11C03-3739-46D1-9736-9B70F00E80D0}.Release|x64.Build.0 = Release|Any CPU
		{6979480E-B362-442F-9AF2-6187117F9D08}.Debug|Any CPU.ActiveCfg = Debug|Any CPU
		{6979480E-B362-442F-9AF2-6187117F9D08}.Debug|Any CPU.Build.0 = Debug|Any CPU
		{6979480E-B362-442F-9AF2-6187117F9D08}.Debug|x64.ActiveCfg = Debug|x64
		{6979480E-B362-442F-9AF2-6187117F9D08}.Debug|x64.Build.0 = Debug|x64
		{6979480E-B362-442F-9AF2-6187117F9D08}.Release|Any CPU.ActiveCfg = Release|Any CPU
		{6979480E-B362-442F-9AF2-6187117F9D08}.Release|Any CPU.Build.0 = Release|Any CPU
		{6979480E-B362-442F-9AF2-6187117F9D08}.Release|x64.ActiveCfg = Release|x64
		{6979480E-B362-442F-9AF2-6187117F9D08}.Release|x64.Build.0 = Release|x64
	EndGlobalSection
	GlobalSection(SolutionProperties) = preSolution
		HideSolutionNode = FALSE
	EndGlobalSection
	GlobalSection(NestedProjects) = preSolution
		{06EC4DF0-3027-44F5-BA2A-7E4EC3E0AEFD} = {38A39412-E3B9-434E-93EB-0F1387247902}
		{48FAEA71-96F3-4F48-A7F1-4E06E519B2FE} = {9F8BB3F0-BCDE-40D6-B97F-20EDFEFEC1D5}
		{9F8BB3F0-BCDE-40D6-B97F-20EDFEFEC1D5} = {395EF0D7-4566-4B8D-827B-462CF61FFD26}
		{C6786F7D-AA6B-49F5-8AE1-0FDDA3CC333C} = {395EF0D7-4566-4B8D-827B-462CF61FFD26}
		{5BB11C03-3739-46D1-9736-9B70F00E80D0} = {C6786F7D-AA6B-49F5-8AE1-0FDDA3CC333C}
		{6979480E-B362-442F-9AF2-6187117F9D08} = {38A39412-E3B9-434E-93EB-0F1387247902}
	EndGlobalSection
EndGlobal
