
Microsoft Visual Studio Solution File, Format Version 12.00
# Visual Studio 15
VisualStudioVersion = 15.0.26430.6
MinimumVisualStudioVersion = 10.0.40219.1
Project("{FAE04EC0-301F-11D3-BF4B-00C04F79EFBC}") = "EraCS.Core", "EraCS.Core\EraCS.Core.csproj", "{F044D821-C9E9-4DF7-9B37-DFE2BE4DD711}"
EndProject
Project("{FAE04EC0-301F-11D3-BF4B-00C04F79EFBC}") = "EraCS.UI.Core", "EraCS.UI.Core\EraCS.UI.Core.csproj", "{C9A99337-07C3-4B46-B75D-6FA8345D67EC}"
EndProject
Project("{2150E333-8FDC-42A3-9474-1A3956D46DE8}") = "Test", "Test", "{38A39412-E3B9-434E-93EB-0F1387247902}"
EndProject
Project("{FAE04EC0-301F-11D3-BF4B-00C04F79EFBC}") = "EraCS.Core.Test.Program", "EraCS.Core.Test.Program\EraCS.Core.Test.Program.csproj", "{06EC4DF0-3027-44F5-BA2A-7E4EC3E0AEFD}"
EndProject
Project("{FAE04EC0-301F-11D3-BF4B-00C04F79EFBC}") = "EraCS.Core.Test.UWP", "EraCS.Core.Test.UWP\EraCS.Core.Test.UWP.csproj", "{45678EAA-7B84-46A5-B5CA-68997EDE0DC9}"
EndProject
Project("{FAE04EC0-301F-11D3-BF4B-00C04F79EFBC}") = "EraCS.UI.Core.Test.UWP", "EraCS.UI.Core.Test.UWP\EraCS.UI.Core.Test.UWP.csproj", "{13D69655-2561-4AA3-BB2D-C46914B2E1D6}"
EndProject
Project("{FAE04EC0-301F-11D3-BF4B-00C04F79EFBC}") = "EraCS.UI.Console.EraConsole", "EraCS.UI.Console.EraConsole\EraCS.UI.Console.EraConsole.csproj", "{48FAEA71-96F3-4F48-A7F1-4E06E519B2FE}"
EndProject
Project("{FAE04EC0-301F-11D3-BF4B-00C04F79EFBC}") = "EraCS.UI.Console.EraConsole.ViewRenderer.UWP", "EraCS.UI.Console.EraConsole.ViewRenderer.UWP\EraCS.UI.Console.EraConsole.ViewRenderer.UWP.csproj", "{E64D01FA-0961-4320-BAD9-584B145B469E}"
EndProject
Project("{2150E333-8FDC-42A3-9474-1A3956D46DE8}") = "UI", "UI", "{395EF0D7-4566-4B8D-827B-462CF61FFD26}"
EndProject
Project("{2150E333-8FDC-42A3-9474-1A3956D46DE8}") = "Console", "Console", "{9F8BB3F0-BCDE-40D6-B97F-20EDFEFEC1D5}"
EndProject
Global
	GlobalSection(SolutionConfigurationPlatforms) = preSolution
		Ad-Hoc|Any CPU = Ad-Hoc|Any CPU
		Ad-Hoc|ARM = Ad-Hoc|ARM
		Ad-Hoc|iPhone = Ad-Hoc|iPhone
		Ad-Hoc|iPhoneSimulator = Ad-Hoc|iPhoneSimulator
		Ad-Hoc|x64 = Ad-Hoc|x64
		Ad-Hoc|x86 = Ad-Hoc|x86
		AppStore|Any CPU = AppStore|Any CPU
		AppStore|ARM = AppStore|ARM
		AppStore|iPhone = AppStore|iPhone
		AppStore|iPhoneSimulator = AppStore|iPhoneSimulator
		AppStore|x64 = AppStore|x64
		AppStore|x86 = AppStore|x86
		Debug|Any CPU = Debug|Any CPU
		Debug|ARM = Debug|ARM
		Debug|iPhone = Debug|iPhone
		Debug|iPhoneSimulator = Debug|iPhoneSimulator
		Debug|x64 = Debug|x64
		Debug|x86 = Debug|x86
		Release|Any CPU = Release|Any CPU
		Release|ARM = Release|ARM
		Release|iPhone = Release|iPhone
		Release|iPhoneSimulator = Release|iPhoneSimulator
		Release|x64 = Release|x64
		Release|x86 = Release|x86
	EndGlobalSection
	GlobalSection(ProjectConfigurationPlatforms) = postSolution
		{F044D821-C9E9-4DF7-9B37-DFE2BE4DD711}.Ad-Hoc|Any CPU.ActiveCfg = Release|Any CPU
		{F044D821-C9E9-4DF7-9B37-DFE2BE4DD711}.Ad-Hoc|Any CPU.Build.0 = Release|Any CPU
		{F044D821-C9E9-4DF7-9B37-DFE2BE4DD711}.Ad-Hoc|ARM.ActiveCfg = Release|Any CPU
		{F044D821-C9E9-4DF7-9B37-DFE2BE4DD711}.Ad-Hoc|ARM.Build.0 = Release|Any CPU
		{F044D821-C9E9-4DF7-9B37-DFE2BE4DD711}.Ad-Hoc|iPhone.ActiveCfg = Release|Any CPU
		{F044D821-C9E9-4DF7-9B37-DFE2BE4DD711}.Ad-Hoc|iPhone.Build.0 = Release|Any CPU
		{F044D821-C9E9-4DF7-9B37-DFE2BE4DD711}.Ad-Hoc|iPhoneSimulator.ActiveCfg = Release|Any CPU
		{F044D821-C9E9-4DF7-9B37-DFE2BE4DD711}.Ad-Hoc|iPhoneSimulator.Build.0 = Release|Any CPU
		{F044D821-C9E9-4DF7-9B37-DFE2BE4DD711}.Ad-Hoc|x64.ActiveCfg = Release|Any CPU
		{F044D821-C9E9-4DF7-9B37-DFE2BE4DD711}.Ad-Hoc|x64.Build.0 = Release|Any CPU
		{F044D821-C9E9-4DF7-9B37-DFE2BE4DD711}.Ad-Hoc|x86.ActiveCfg = Release|Any CPU
		{F044D821-C9E9-4DF7-9B37-DFE2BE4DD711}.Ad-Hoc|x86.Build.0 = Release|Any CPU
		{F044D821-C9E9-4DF7-9B37-DFE2BE4DD711}.AppStore|Any CPU.ActiveCfg = Release|Any CPU
		{F044D821-C9E9-4DF7-9B37-DFE2BE4DD711}.AppStore|Any CPU.Build.0 = Release|Any CPU
		{F044D821-C9E9-4DF7-9B37-DFE2BE4DD711}.AppStore|ARM.ActiveCfg = Release|Any CPU
		{F044D821-C9E9-4DF7-9B37-DFE2BE4DD711}.AppStore|ARM.Build.0 = Release|Any CPU
		{F044D821-C9E9-4DF7-9B37-DFE2BE4DD711}.AppStore|iPhone.ActiveCfg = Release|Any CPU
		{F044D821-C9E9-4DF7-9B37-DFE2BE4DD711}.AppStore|iPhone.Build.0 = Release|Any CPU
		{F044D821-C9E9-4DF7-9B37-DFE2BE4DD711}.AppStore|iPhoneSimulator.ActiveCfg = Release|Any CPU
		{F044D821-C9E9-4DF7-9B37-DFE2BE4DD711}.AppStore|iPhoneSimulator.Build.0 = Release|Any CPU
		{F044D821-C9E9-4DF7-9B37-DFE2BE4DD711}.AppStore|x64.ActiveCfg = Release|Any CPU
		{F044D821-C9E9-4DF7-9B37-DFE2BE4DD711}.AppStore|x64.Build.0 = Release|Any CPU
		{F044D821-C9E9-4DF7-9B37-DFE2BE4DD711}.AppStore|x86.ActiveCfg = Release|Any CPU
		{F044D821-C9E9-4DF7-9B37-DFE2BE4DD711}.AppStore|x86.Build.0 = Release|Any CPU
		{F044D821-C9E9-4DF7-9B37-DFE2BE4DD711}.Debug|Any CPU.ActiveCfg = Debug|Any CPU
		{F044D821-C9E9-4DF7-9B37-DFE2BE4DD711}.Debug|Any CPU.Build.0 = Debug|Any CPU
		{F044D821-C9E9-4DF7-9B37-DFE2BE4DD711}.Debug|ARM.ActiveCfg = Debug|Any CPU
		{F044D821-C9E9-4DF7-9B37-DFE2BE4DD711}.Debug|ARM.Build.0 = Debug|Any CPU
		{F044D821-C9E9-4DF7-9B37-DFE2BE4DD711}.Debug|iPhone.ActiveCfg = Debug|Any CPU
		{F044D821-C9E9-4DF7-9B37-DFE2BE4DD711}.Debug|iPhone.Build.0 = Debug|Any CPU
		{F044D821-C9E9-4DF7-9B37-DFE2BE4DD711}.Debug|iPhoneSimulator.ActiveCfg = Debug|Any CPU
		{F044D821-C9E9-4DF7-9B37-DFE2BE4DD711}.Debug|iPhoneSimulator.Build.0 = Debug|Any CPU
		{F044D821-C9E9-4DF7-9B37-DFE2BE4DD711}.Debug|x64.ActiveCfg = Debug|Any CPU
		{F044D821-C9E9-4DF7-9B37-DFE2BE4DD711}.Debug|x64.Build.0 = Debug|Any CPU
		{F044D821-C9E9-4DF7-9B37-DFE2BE4DD711}.Debug|x86.ActiveCfg = Debug|Any CPU
		{F044D821-C9E9-4DF7-9B37-DFE2BE4DD711}.Debug|x86.Build.0 = Debug|Any CPU
		{F044D821-C9E9-4DF7-9B37-DFE2BE4DD711}.Release|Any CPU.ActiveCfg = Release|Any CPU
		{F044D821-C9E9-4DF7-9B37-DFE2BE4DD711}.Release|Any CPU.Build.0 = Release|Any CPU
		{F044D821-C9E9-4DF7-9B37-DFE2BE4DD711}.Release|ARM.ActiveCfg = Release|Any CPU
		{F044D821-C9E9-4DF7-9B37-DFE2BE4DD711}.Release|ARM.Build.0 = Release|Any CPU
		{F044D821-C9E9-4DF7-9B37-DFE2BE4DD711}.Release|iPhone.ActiveCfg = Release|Any CPU
		{F044D821-C9E9-4DF7-9B37-DFE2BE4DD711}.Release|iPhone.Build.0 = Release|Any CPU
		{F044D821-C9E9-4DF7-9B37-DFE2BE4DD711}.Release|iPhoneSimulator.ActiveCfg = Release|Any CPU
		{F044D821-C9E9-4DF7-9B37-DFE2BE4DD711}.Release|iPhoneSimulator.Build.0 = Release|Any CPU
		{F044D821-C9E9-4DF7-9B37-DFE2BE4DD711}.Release|x64.ActiveCfg = Release|Any CPU
		{F044D821-C9E9-4DF7-9B37-DFE2BE4DD711}.Release|x64.Build.0 = Release|Any CPU
		{F044D821-C9E9-4DF7-9B37-DFE2BE4DD711}.Release|x86.ActiveCfg = Release|Any CPU
		{F044D821-C9E9-4DF7-9B37-DFE2BE4DD711}.Release|x86.Build.0 = Release|Any CPU
		{C9A99337-07C3-4B46-B75D-6FA8345D67EC}.Ad-Hoc|Any CPU.ActiveCfg = Release|Any CPU
		{C9A99337-07C3-4B46-B75D-6FA8345D67EC}.Ad-Hoc|Any CPU.Build.0 = Release|Any CPU
		{C9A99337-07C3-4B46-B75D-6FA8345D67EC}.Ad-Hoc|ARM.ActiveCfg = Release|Any CPU
		{C9A99337-07C3-4B46-B75D-6FA8345D67EC}.Ad-Hoc|ARM.Build.0 = Release|Any CPU
		{C9A99337-07C3-4B46-B75D-6FA8345D67EC}.Ad-Hoc|iPhone.ActiveCfg = Release|Any CPU
		{C9A99337-07C3-4B46-B75D-6FA8345D67EC}.Ad-Hoc|iPhone.Build.0 = Release|Any CPU
		{C9A99337-07C3-4B46-B75D-6FA8345D67EC}.Ad-Hoc|iPhoneSimulator.ActiveCfg = Release|Any CPU
		{C9A99337-07C3-4B46-B75D-6FA8345D67EC}.Ad-Hoc|iPhoneSimulator.Build.0 = Release|Any CPU
		{C9A99337-07C3-4B46-B75D-6FA8345D67EC}.Ad-Hoc|x64.ActiveCfg = Release|Any CPU
		{C9A99337-07C3-4B46-B75D-6FA8345D67EC}.Ad-Hoc|x64.Build.0 = Release|Any CPU
		{C9A99337-07C3-4B46-B75D-6FA8345D67EC}.Ad-Hoc|x86.ActiveCfg = Release|Any CPU
		{C9A99337-07C3-4B46-B75D-6FA8345D67EC}.Ad-Hoc|x86.Build.0 = Release|Any CPU
		{C9A99337-07C3-4B46-B75D-6FA8345D67EC}.AppStore|Any CPU.ActiveCfg = Release|Any CPU
		{C9A99337-07C3-4B46-B75D-6FA8345D67EC}.AppStore|Any CPU.Build.0 = Release|Any CPU
		{C9A99337-07C3-4B46-B75D-6FA8345D67EC}.AppStore|ARM.ActiveCfg = Release|Any CPU
		{C9A99337-07C3-4B46-B75D-6FA8345D67EC}.AppStore|ARM.Build.0 = Release|Any CPU
		{C9A99337-07C3-4B46-B75D-6FA8345D67EC}.AppStore|iPhone.ActiveCfg = Release|Any CPU
		{C9A99337-07C3-4B46-B75D-6FA8345D67EC}.AppStore|iPhone.Build.0 = Release|Any CPU
		{C9A99337-07C3-4B46-B75D-6FA8345D67EC}.AppStore|iPhoneSimulator.ActiveCfg = Release|Any CPU
		{C9A99337-07C3-4B46-B75D-6FA8345D67EC}.AppStore|iPhoneSimulator.Build.0 = Release|Any CPU
		{C9A99337-07C3-4B46-B75D-6FA8345D67EC}.AppStore|x64.ActiveCfg = Release|Any CPU
		{C9A99337-07C3-4B46-B75D-6FA8345D67EC}.AppStore|x64.Build.0 = Release|Any CPU
		{C9A99337-07C3-4B46-B75D-6FA8345D67EC}.AppStore|x86.ActiveCfg = Release|Any CPU
		{C9A99337-07C3-4B46-B75D-6FA8345D67EC}.AppStore|x86.Build.0 = Release|Any CPU
		{C9A99337-07C3-4B46-B75D-6FA8345D67EC}.Debug|Any CPU.ActiveCfg = Debug|Any CPU
		{C9A99337-07C3-4B46-B75D-6FA8345D67EC}.Debug|Any CPU.Build.0 = Debug|Any CPU
		{C9A99337-07C3-4B46-B75D-6FA8345D67EC}.Debug|ARM.ActiveCfg = Debug|Any CPU
		{C9A99337-07C3-4B46-B75D-6FA8345D67EC}.Debug|ARM.Build.0 = Debug|Any CPU
		{C9A99337-07C3-4B46-B75D-6FA8345D67EC}.Debug|iPhone.ActiveCfg = Debug|Any CPU
		{C9A99337-07C3-4B46-B75D-6FA8345D67EC}.Debug|iPhone.Build.0 = Debug|Any CPU
		{C9A99337-07C3-4B46-B75D-6FA8345D67EC}.Debug|iPhoneSimulator.ActiveCfg = Debug|Any CPU
		{C9A99337-07C3-4B46-B75D-6FA8345D67EC}.Debug|iPhoneSimulator.Build.0 = Debug|Any CPU
		{C9A99337-07C3-4B46-B75D-6FA8345D67EC}.Debug|x64.ActiveCfg = Debug|Any CPU
		{C9A99337-07C3-4B46-B75D-6FA8345D67EC}.Debug|x64.Build.0 = Debug|Any CPU
		{C9A99337-07C3-4B46-B75D-6FA8345D67EC}.Debug|x86.ActiveCfg = Debug|Any CPU
		{C9A99337-07C3-4B46-B75D-6FA8345D67EC}.Debug|x86.Build.0 = Debug|Any CPU
		{C9A99337-07C3-4B46-B75D-6FA8345D67EC}.Release|Any CPU.ActiveCfg = Release|Any CPU
		{C9A99337-07C3-4B46-B75D-6FA8345D67EC}.Release|Any CPU.Build.0 = Release|Any CPU
		{C9A99337-07C3-4B46-B75D-6FA8345D67EC}.Release|ARM.ActiveCfg = Release|Any CPU
		{C9A99337-07C3-4B46-B75D-6FA8345D67EC}.Release|ARM.Build.0 = Release|Any CPU
		{C9A99337-07C3-4B46-B75D-6FA8345D67EC}.Release|iPhone.ActiveCfg = Release|Any CPU
		{C9A99337-07C3-4B46-B75D-6FA8345D67EC}.Release|iPhone.Build.0 = Release|Any CPU
		{C9A99337-07C3-4B46-B75D-6FA8345D67EC}.Release|iPhoneSimulator.ActiveCfg = Release|Any CPU
		{C9A99337-07C3-4B46-B75D-6FA8345D67EC}.Release|iPhoneSimulator.Build.0 = Release|Any CPU
		{C9A99337-07C3-4B46-B75D-6FA8345D67EC}.Release|x64.ActiveCfg = Release|Any CPU
		{C9A99337-07C3-4B46-B75D-6FA8345D67EC}.Release|x64.Build.0 = Release|Any CPU
		{C9A99337-07C3-4B46-B75D-6FA8345D67EC}.Release|x86.ActiveCfg = Release|Any CPU
		{C9A99337-07C3-4B46-B75D-6FA8345D67EC}.Release|x86.Build.0 = Release|Any CPU
		{06EC4DF0-3027-44F5-BA2A-7E4EC3E0AEFD}.Ad-Hoc|Any CPU.ActiveCfg = Release|Any CPU
		{06EC4DF0-3027-44F5-BA2A-7E4EC3E0AEFD}.Ad-Hoc|Any CPU.Build.0 = Release|Any CPU
		{06EC4DF0-3027-44F5-BA2A-7E4EC3E0AEFD}.Ad-Hoc|ARM.ActiveCfg = Release|Any CPU
		{06EC4DF0-3027-44F5-BA2A-7E4EC3E0AEFD}.Ad-Hoc|ARM.Build.0 = Release|Any CPU
		{06EC4DF0-3027-44F5-BA2A-7E4EC3E0AEFD}.Ad-Hoc|iPhone.ActiveCfg = Release|Any CPU
		{06EC4DF0-3027-44F5-BA2A-7E4EC3E0AEFD}.Ad-Hoc|iPhone.Build.0 = Release|Any CPU
		{06EC4DF0-3027-44F5-BA2A-7E4EC3E0AEFD}.Ad-Hoc|iPhoneSimulator.ActiveCfg = Release|Any CPU
		{06EC4DF0-3027-44F5-BA2A-7E4EC3E0AEFD}.Ad-Hoc|iPhoneSimulator.Build.0 = Release|Any CPU
		{06EC4DF0-3027-44F5-BA2A-7E4EC3E0AEFD}.Ad-Hoc|x64.ActiveCfg = Release|Any CPU
		{06EC4DF0-3027-44F5-BA2A-7E4EC3E0AEFD}.Ad-Hoc|x64.Build.0 = Release|Any CPU
		{06EC4DF0-3027-44F5-BA2A-7E4EC3E0AEFD}.Ad-Hoc|x86.ActiveCfg = Release|Any CPU
		{06EC4DF0-3027-44F5-BA2A-7E4EC3E0AEFD}.Ad-Hoc|x86.Build.0 = Release|Any CPU
		{06EC4DF0-3027-44F5-BA2A-7E4EC3E0AEFD}.AppStore|Any CPU.ActiveCfg = Release|Any CPU
		{06EC4DF0-3027-44F5-BA2A-7E4EC3E0AEFD}.AppStore|Any CPU.Build.0 = Release|Any CPU
		{06EC4DF0-3027-44F5-BA2A-7E4EC3E0AEFD}.AppStore|ARM.ActiveCfg = Release|Any CPU
		{06EC4DF0-3027-44F5-BA2A-7E4EC3E0AEFD}.AppStore|ARM.Build.0 = Release|Any CPU
		{06EC4DF0-3027-44F5-BA2A-7E4EC3E0AEFD}.AppStore|iPhone.ActiveCfg = Release|Any CPU
		{06EC4DF0-3027-44F5-BA2A-7E4EC3E0AEFD}.AppStore|iPhone.Build.0 = Release|Any CPU
		{06EC4DF0-3027-44F5-BA2A-7E4EC3E0AEFD}.AppStore|iPhoneSimulator.ActiveCfg = Release|Any CPU
		{06EC4DF0-3027-44F5-BA2A-7E4EC3E0AEFD}.AppStore|iPhoneSimulator.Build.0 = Release|Any CPU
		{06EC4DF0-3027-44F5-BA2A-7E4EC3E0AEFD}.AppStore|x64.ActiveCfg = Release|Any CPU
		{06EC4DF0-3027-44F5-BA2A-7E4EC3E0AEFD}.AppStore|x64.Build.0 = Release|Any CPU
		{06EC4DF0-3027-44F5-BA2A-7E4EC3E0AEFD}.AppStore|x86.ActiveCfg = Release|Any CPU
		{06EC4DF0-3027-44F5-BA2A-7E4EC3E0AEFD}.AppStore|x86.Build.0 = Release|Any CPU
		{06EC4DF0-3027-44F5-BA2A-7E4EC3E0AEFD}.Debug|Any CPU.ActiveCfg = Debug|Any CPU
		{06EC4DF0-3027-44F5-BA2A-7E4EC3E0AEFD}.Debug|Any CPU.Build.0 = Debug|Any CPU
		{06EC4DF0-3027-44F5-BA2A-7E4EC3E0AEFD}.Debug|ARM.ActiveCfg = Debug|Any CPU
		{06EC4DF0-3027-44F5-BA2A-7E4EC3E0AEFD}.Debug|ARM.Build.0 = Debug|Any CPU
		{06EC4DF0-3027-44F5-BA2A-7E4EC3E0AEFD}.Debug|iPhone.ActiveCfg = Debug|Any CPU
		{06EC4DF0-3027-44F5-BA2A-7E4EC3E0AEFD}.Debug|iPhone.Build.0 = Debug|Any CPU
		{06EC4DF0-3027-44F5-BA2A-7E4EC3E0AEFD}.Debug|iPhoneSimulator.ActiveCfg = Debug|Any CPU
		{06EC4DF0-3027-44F5-BA2A-7E4EC3E0AEFD}.Debug|iPhoneSimulator.Build.0 = Debug|Any CPU
		{06EC4DF0-3027-44F5-BA2A-7E4EC3E0AEFD}.Debug|x64.ActiveCfg = Debug|Any CPU
		{06EC4DF0-3027-44F5-BA2A-7E4EC3E0AEFD}.Debug|x64.Build.0 = Debug|Any CPU
		{06EC4DF0-3027-44F5-BA2A-7E4EC3E0AEFD}.Debug|x86.ActiveCfg = Debug|Any CPU
		{06EC4DF0-3027-44F5-BA2A-7E4EC3E0AEFD}.Debug|x86.Build.0 = Debug|Any CPU
		{06EC4DF0-3027-44F5-BA2A-7E4EC3E0AEFD}.Release|Any CPU.ActiveCfg = Release|Any CPU
		{06EC4DF0-3027-44F5-BA2A-7E4EC3E0AEFD}.Release|Any CPU.Build.0 = Release|Any CPU
		{06EC4DF0-3027-44F5-BA2A-7E4EC3E0AEFD}.Release|ARM.ActiveCfg = Release|Any CPU
		{06EC4DF0-3027-44F5-BA2A-7E4EC3E0AEFD}.Release|ARM.Build.0 = Release|Any CPU
		{06EC4DF0-3027-44F5-BA2A-7E4EC3E0AEFD}.Release|iPhone.ActiveCfg = Release|Any CPU
		{06EC4DF0-3027-44F5-BA2A-7E4EC3E0AEFD}.Release|iPhone.Build.0 = Release|Any CPU
		{06EC4DF0-3027-44F5-BA2A-7E4EC3E0AEFD}.Release|iPhoneSimulator.ActiveCfg = Release|Any CPU
		{06EC4DF0-3027-44F5-BA2A-7E4EC3E0AEFD}.Release|iPhoneSimulator.Build.0 = Release|Any CPU
		{06EC4DF0-3027-44F5-BA2A-7E4EC3E0AEFD}.Release|x64.ActiveCfg = Release|Any CPU
		{06EC4DF0-3027-44F5-BA2A-7E4EC3E0AEFD}.Release|x64.Build.0 = Release|Any CPU
		{06EC4DF0-3027-44F5-BA2A-7E4EC3E0AEFD}.Release|x86.ActiveCfg = Release|Any CPU
		{06EC4DF0-3027-44F5-BA2A-7E4EC3E0AEFD}.Release|x86.Build.0 = Release|Any CPU
		{45678EAA-7B84-46A5-B5CA-68997EDE0DC9}.Ad-Hoc|Any CPU.ActiveCfg = Release|x64
		{45678EAA-7B84-46A5-B5CA-68997EDE0DC9}.Ad-Hoc|Any CPU.Build.0 = Release|x64
		{45678EAA-7B84-46A5-B5CA-68997EDE0DC9}.Ad-Hoc|Any CPU.Deploy.0 = Release|x64
		{45678EAA-7B84-46A5-B5CA-68997EDE0DC9}.Ad-Hoc|ARM.ActiveCfg = Release|ARM
		{45678EAA-7B84-46A5-B5CA-68997EDE0DC9}.Ad-Hoc|ARM.Build.0 = Release|ARM
		{45678EAA-7B84-46A5-B5CA-68997EDE0DC9}.Ad-Hoc|ARM.Deploy.0 = Release|ARM
		{45678EAA-7B84-46A5-B5CA-68997EDE0DC9}.Ad-Hoc|iPhone.ActiveCfg = Release|x64
		{45678EAA-7B84-46A5-B5CA-68997EDE0DC9}.Ad-Hoc|iPhone.Build.0 = Release|x64
		{45678EAA-7B84-46A5-B5CA-68997EDE0DC9}.Ad-Hoc|iPhone.Deploy.0 = Release|x64
		{45678EAA-7B84-46A5-B5CA-68997EDE0DC9}.Ad-Hoc|iPhoneSimulator.ActiveCfg = Release|x64
		{45678EAA-7B84-46A5-B5CA-68997EDE0DC9}.Ad-Hoc|iPhoneSimulator.Build.0 = Release|x64
		{45678EAA-7B84-46A5-B5CA-68997EDE0DC9}.Ad-Hoc|iPhoneSimulator.Deploy.0 = Release|x64
		{45678EAA-7B84-46A5-B5CA-68997EDE0DC9}.Ad-Hoc|x64.ActiveCfg = Release|x64
		{45678EAA-7B84-46A5-B5CA-68997EDE0DC9}.Ad-Hoc|x64.Build.0 = Release|x64
		{45678EAA-7B84-46A5-B5CA-68997EDE0DC9}.Ad-Hoc|x64.Deploy.0 = Release|x64
		{45678EAA-7B84-46A5-B5CA-68997EDE0DC9}.Ad-Hoc|x86.ActiveCfg = Release|x86
		{45678EAA-7B84-46A5-B5CA-68997EDE0DC9}.Ad-Hoc|x86.Build.0 = Release|x86
		{45678EAA-7B84-46A5-B5CA-68997EDE0DC9}.Ad-Hoc|x86.Deploy.0 = Release|x86
		{45678EAA-7B84-46A5-B5CA-68997EDE0DC9}.AppStore|Any CPU.ActiveCfg = Release|x64
		{45678EAA-7B84-46A5-B5CA-68997EDE0DC9}.AppStore|Any CPU.Build.0 = Release|x64
		{45678EAA-7B84-46A5-B5CA-68997EDE0DC9}.AppStore|Any CPU.Deploy.0 = Release|x64
		{45678EAA-7B84-46A5-B5CA-68997EDE0DC9}.AppStore|ARM.ActiveCfg = Release|ARM
		{45678EAA-7B84-46A5-B5CA-68997EDE0DC9}.AppStore|ARM.Build.0 = Release|ARM
		{45678EAA-7B84-46A5-B5CA-68997EDE0DC9}.AppStore|ARM.Deploy.0 = Release|ARM
		{45678EAA-7B84-46A5-B5CA-68997EDE0DC9}.AppStore|iPhone.ActiveCfg = Release|x64
		{45678EAA-7B84-46A5-B5CA-68997EDE0DC9}.AppStore|iPhone.Build.0 = Release|x64
		{45678EAA-7B84-46A5-B5CA-68997EDE0DC9}.AppStore|iPhone.Deploy.0 = Release|x64
		{45678EAA-7B84-46A5-B5CA-68997EDE0DC9}.AppStore|iPhoneSimulator.ActiveCfg = Release|x64
		{45678EAA-7B84-46A5-B5CA-68997EDE0DC9}.AppStore|iPhoneSimulator.Build.0 = Release|x64
		{45678EAA-7B84-46A5-B5CA-68997EDE0DC9}.AppStore|iPhoneSimulator.Deploy.0 = Release|x64
		{45678EAA-7B84-46A5-B5CA-68997EDE0DC9}.AppStore|x64.ActiveCfg = Release|x64
		{45678EAA-7B84-46A5-B5CA-68997EDE0DC9}.AppStore|x64.Build.0 = Release|x64
		{45678EAA-7B84-46A5-B5CA-68997EDE0DC9}.AppStore|x64.Deploy.0 = Release|x64
		{45678EAA-7B84-46A5-B5CA-68997EDE0DC9}.AppStore|x86.ActiveCfg = Release|x86
		{45678EAA-7B84-46A5-B5CA-68997EDE0DC9}.AppStore|x86.Build.0 = Release|x86
		{45678EAA-7B84-46A5-B5CA-68997EDE0DC9}.AppStore|x86.Deploy.0 = Release|x86
		{45678EAA-7B84-46A5-B5CA-68997EDE0DC9}.Debug|Any CPU.ActiveCfg = Debug|x86
		{45678EAA-7B84-46A5-B5CA-68997EDE0DC9}.Debug|ARM.ActiveCfg = Debug|ARM
		{45678EAA-7B84-46A5-B5CA-68997EDE0DC9}.Debug|ARM.Build.0 = Debug|ARM
		{45678EAA-7B84-46A5-B5CA-68997EDE0DC9}.Debug|ARM.Deploy.0 = Debug|ARM
		{45678EAA-7B84-46A5-B5CA-68997EDE0DC9}.Debug|iPhone.ActiveCfg = Debug|x86
		{45678EAA-7B84-46A5-B5CA-68997EDE0DC9}.Debug|iPhoneSimulator.ActiveCfg = Debug|x86
		{45678EAA-7B84-46A5-B5CA-68997EDE0DC9}.Debug|x64.ActiveCfg = Debug|x64
		{45678EAA-7B84-46A5-B5CA-68997EDE0DC9}.Debug|x64.Build.0 = Debug|x64
		{45678EAA-7B84-46A5-B5CA-68997EDE0DC9}.Debug|x64.Deploy.0 = Debug|x64
		{45678EAA-7B84-46A5-B5CA-68997EDE0DC9}.Debug|x86.ActiveCfg = Debug|x86
		{45678EAA-7B84-46A5-B5CA-68997EDE0DC9}.Debug|x86.Build.0 = Debug|x86
		{45678EAA-7B84-46A5-B5CA-68997EDE0DC9}.Debug|x86.Deploy.0 = Debug|x86
		{45678EAA-7B84-46A5-B5CA-68997EDE0DC9}.Release|Any CPU.ActiveCfg = Release|x86
		{45678EAA-7B84-46A5-B5CA-68997EDE0DC9}.Release|ARM.ActiveCfg = Release|ARM
		{45678EAA-7B84-46A5-B5CA-68997EDE0DC9}.Release|ARM.Build.0 = Release|ARM
		{45678EAA-7B84-46A5-B5CA-68997EDE0DC9}.Release|ARM.Deploy.0 = Release|ARM
		{45678EAA-7B84-46A5-B5CA-68997EDE0DC9}.Release|iPhone.ActiveCfg = Release|x86
		{45678EAA-7B84-46A5-B5CA-68997EDE0DC9}.Release|iPhoneSimulator.ActiveCfg = Release|x86
		{45678EAA-7B84-46A5-B5CA-68997EDE0DC9}.Release|x64.ActiveCfg = Release|x64
		{45678EAA-7B84-46A5-B5CA-68997EDE0DC9}.Release|x64.Build.0 = Release|x64
		{45678EAA-7B84-46A5-B5CA-68997EDE0DC9}.Release|x64.Deploy.0 = Release|x64
		{45678EAA-7B84-46A5-B5CA-68997EDE0DC9}.Release|x86.ActiveCfg = Release|x86
		{45678EAA-7B84-46A5-B5CA-68997EDE0DC9}.Release|x86.Build.0 = Release|x86
		{45678EAA-7B84-46A5-B5CA-68997EDE0DC9}.Release|x86.Deploy.0 = Release|x86
		{13D69655-2561-4AA3-BB2D-C46914B2E1D6}.Ad-Hoc|Any CPU.ActiveCfg = Release|x64
		{13D69655-2561-4AA3-BB2D-C46914B2E1D6}.Ad-Hoc|Any CPU.Build.0 = Release|x64
		{13D69655-2561-4AA3-BB2D-C46914B2E1D6}.Ad-Hoc|Any CPU.Deploy.0 = Release|x64
		{13D69655-2561-4AA3-BB2D-C46914B2E1D6}.Ad-Hoc|ARM.ActiveCfg = Release|ARM
		{13D69655-2561-4AA3-BB2D-C46914B2E1D6}.Ad-Hoc|ARM.Build.0 = Release|ARM
		{13D69655-2561-4AA3-BB2D-C46914B2E1D6}.Ad-Hoc|ARM.Deploy.0 = Release|ARM
		{13D69655-2561-4AA3-BB2D-C46914B2E1D6}.Ad-Hoc|iPhone.ActiveCfg = Release|x64
		{13D69655-2561-4AA3-BB2D-C46914B2E1D6}.Ad-Hoc|iPhone.Build.0 = Release|x64
		{13D69655-2561-4AA3-BB2D-C46914B2E1D6}.Ad-Hoc|iPhone.Deploy.0 = Release|x64
		{13D69655-2561-4AA3-BB2D-C46914B2E1D6}.Ad-Hoc|iPhoneSimulator.ActiveCfg = Release|x64
		{13D69655-2561-4AA3-BB2D-C46914B2E1D6}.Ad-Hoc|iPhoneSimulator.Build.0 = Release|x64
		{13D69655-2561-4AA3-BB2D-C46914B2E1D6}.Ad-Hoc|iPhoneSimulator.Deploy.0 = Release|x64
		{13D69655-2561-4AA3-BB2D-C46914B2E1D6}.Ad-Hoc|x64.ActiveCfg = Release|x64
		{13D69655-2561-4AA3-BB2D-C46914B2E1D6}.Ad-Hoc|x64.Build.0 = Release|x64
		{13D69655-2561-4AA3-BB2D-C46914B2E1D6}.Ad-Hoc|x64.Deploy.0 = Release|x64
		{13D69655-2561-4AA3-BB2D-C46914B2E1D6}.Ad-Hoc|x86.ActiveCfg = Release|x86
		{13D69655-2561-4AA3-BB2D-C46914B2E1D6}.Ad-Hoc|x86.Build.0 = Release|x86
		{13D69655-2561-4AA3-BB2D-C46914B2E1D6}.Ad-Hoc|x86.Deploy.0 = Release|x86
		{13D69655-2561-4AA3-BB2D-C46914B2E1D6}.AppStore|Any CPU.ActiveCfg = Release|x64
		{13D69655-2561-4AA3-BB2D-C46914B2E1D6}.AppStore|Any CPU.Build.0 = Release|x64
		{13D69655-2561-4AA3-BB2D-C46914B2E1D6}.AppStore|Any CPU.Deploy.0 = Release|x64
		{13D69655-2561-4AA3-BB2D-C46914B2E1D6}.AppStore|ARM.ActiveCfg = Release|ARM
		{13D69655-2561-4AA3-BB2D-C46914B2E1D6}.AppStore|ARM.Build.0 = Release|ARM
		{13D69655-2561-4AA3-BB2D-C46914B2E1D6}.AppStore|ARM.Deploy.0 = Release|ARM
		{13D69655-2561-4AA3-BB2D-C46914B2E1D6}.AppStore|iPhone.ActiveCfg = Release|x64
		{13D69655-2561-4AA3-BB2D-C46914B2E1D6}.AppStore|iPhone.Build.0 = Release|x64
		{13D69655-2561-4AA3-BB2D-C46914B2E1D6}.AppStore|iPhone.Deploy.0 = Release|x64
		{13D69655-2561-4AA3-BB2D-C46914B2E1D6}.AppStore|iPhoneSimulator.ActiveCfg = Release|x64
		{13D69655-2561-4AA3-BB2D-C46914B2E1D6}.AppStore|iPhoneSimulator.Build.0 = Release|x64
		{13D69655-2561-4AA3-BB2D-C46914B2E1D6}.AppStore|iPhoneSimulator.Deploy.0 = Release|x64
		{13D69655-2561-4AA3-BB2D-C46914B2E1D6}.AppStore|x64.ActiveCfg = Release|x64
		{13D69655-2561-4AA3-BB2D-C46914B2E1D6}.AppStore|x64.Build.0 = Release|x64
		{13D69655-2561-4AA3-BB2D-C46914B2E1D6}.AppStore|x64.Deploy.0 = Release|x64
		{13D69655-2561-4AA3-BB2D-C46914B2E1D6}.AppStore|x86.ActiveCfg = Release|x86
		{13D69655-2561-4AA3-BB2D-C46914B2E1D6}.AppStore|x86.Build.0 = Release|x86
		{13D69655-2561-4AA3-BB2D-C46914B2E1D6}.AppStore|x86.Deploy.0 = Release|x86
		{13D69655-2561-4AA3-BB2D-C46914B2E1D6}.Debug|Any CPU.ActiveCfg = Debug|x86
		{13D69655-2561-4AA3-BB2D-C46914B2E1D6}.Debug|ARM.ActiveCfg = Debug|ARM
		{13D69655-2561-4AA3-BB2D-C46914B2E1D6}.Debug|ARM.Build.0 = Debug|ARM
		{13D69655-2561-4AA3-BB2D-C46914B2E1D6}.Debug|ARM.Deploy.0 = Debug|ARM
		{13D69655-2561-4AA3-BB2D-C46914B2E1D6}.Debug|iPhone.ActiveCfg = Debug|x86
		{13D69655-2561-4AA3-BB2D-C46914B2E1D6}.Debug|iPhoneSimulator.ActiveCfg = Debug|x86
		{13D69655-2561-4AA3-BB2D-C46914B2E1D6}.Debug|x64.ActiveCfg = Debug|x64
		{13D69655-2561-4AA3-BB2D-C46914B2E1D6}.Debug|x64.Build.0 = Debug|x64
		{13D69655-2561-4AA3-BB2D-C46914B2E1D6}.Debug|x64.Deploy.0 = Debug|x64
		{13D69655-2561-4AA3-BB2D-C46914B2E1D6}.Debug|x86.ActiveCfg = Debug|x86
		{13D69655-2561-4AA3-BB2D-C46914B2E1D6}.Debug|x86.Build.0 = Debug|x86
		{13D69655-2561-4AA3-BB2D-C46914B2E1D6}.Debug|x86.Deploy.0 = Debug|x86
		{13D69655-2561-4AA3-BB2D-C46914B2E1D6}.Release|Any CPU.ActiveCfg = Release|x86
		{13D69655-2561-4AA3-BB2D-C46914B2E1D6}.Release|ARM.ActiveCfg = Release|ARM
		{13D69655-2561-4AA3-BB2D-C46914B2E1D6}.Release|ARM.Build.0 = Release|ARM
		{13D69655-2561-4AA3-BB2D-C46914B2E1D6}.Release|ARM.Deploy.0 = Release|ARM
		{13D69655-2561-4AA3-BB2D-C46914B2E1D6}.Release|iPhone.ActiveCfg = Release|x86
		{13D69655-2561-4AA3-BB2D-C46914B2E1D6}.Release|iPhoneSimulator.ActiveCfg = Release|x86
		{13D69655-2561-4AA3-BB2D-C46914B2E1D6}.Release|x64.ActiveCfg = Release|x64
		{13D69655-2561-4AA3-BB2D-C46914B2E1D6}.Release|x64.Build.0 = Release|x64
		{13D69655-2561-4AA3-BB2D-C46914B2E1D6}.Release|x64.Deploy.0 = Release|x64
		{13D69655-2561-4AA3-BB2D-C46914B2E1D6}.Release|x86.ActiveCfg = Release|x86
		{13D69655-2561-4AA3-BB2D-C46914B2E1D6}.Release|x86.Build.0 = Release|x86
		{13D69655-2561-4AA3-BB2D-C46914B2E1D6}.Release|x86.Deploy.0 = Release|x86
		{48FAEA71-96F3-4F48-A7F1-4E06E519B2FE}.Ad-Hoc|Any CPU.ActiveCfg = Release|Any CPU
		{48FAEA71-96F3-4F48-A7F1-4E06E519B2FE}.Ad-Hoc|Any CPU.Build.0 = Release|Any CPU
		{48FAEA71-96F3-4F48-A7F1-4E06E519B2FE}.Ad-Hoc|ARM.ActiveCfg = Release|Any CPU
		{48FAEA71-96F3-4F48-A7F1-4E06E519B2FE}.Ad-Hoc|ARM.Build.0 = Release|Any CPU
		{48FAEA71-96F3-4F48-A7F1-4E06E519B2FE}.Ad-Hoc|iPhone.ActiveCfg = Release|Any CPU
		{48FAEA71-96F3-4F48-A7F1-4E06E519B2FE}.Ad-Hoc|iPhone.Build.0 = Release|Any CPU
		{48FAEA71-96F3-4F48-A7F1-4E06E519B2FE}.Ad-Hoc|iPhoneSimulator.ActiveCfg = Release|Any CPU
		{48FAEA71-96F3-4F48-A7F1-4E06E519B2FE}.Ad-Hoc|iPhoneSimulator.Build.0 = Release|Any CPU
		{48FAEA71-96F3-4F48-A7F1-4E06E519B2FE}.Ad-Hoc|x64.ActiveCfg = Release|Any CPU
		{48FAEA71-96F3-4F48-A7F1-4E06E519B2FE}.Ad-Hoc|x64.Build.0 = Release|Any CPU
		{48FAEA71-96F3-4F48-A7F1-4E06E519B2FE}.Ad-Hoc|x86.ActiveCfg = Release|Any CPU
		{48FAEA71-96F3-4F48-A7F1-4E06E519B2FE}.Ad-Hoc|x86.Build.0 = Release|Any CPU
		{48FAEA71-96F3-4F48-A7F1-4E06E519B2FE}.AppStore|Any CPU.ActiveCfg = Release|Any CPU
		{48FAEA71-96F3-4F48-A7F1-4E06E519B2FE}.AppStore|Any CPU.Build.0 = Release|Any CPU
		{48FAEA71-96F3-4F48-A7F1-4E06E519B2FE}.AppStore|ARM.ActiveCfg = Release|Any CPU
		{48FAEA71-96F3-4F48-A7F1-4E06E519B2FE}.AppStore|ARM.Build.0 = Release|Any CPU
		{48FAEA71-96F3-4F48-A7F1-4E06E519B2FE}.AppStore|iPhone.ActiveCfg = Release|Any CPU
		{48FAEA71-96F3-4F48-A7F1-4E06E519B2FE}.AppStore|iPhone.Build.0 = Release|Any CPU
		{48FAEA71-96F3-4F48-A7F1-4E06E519B2FE}.AppStore|iPhoneSimulator.ActiveCfg = Release|Any CPU
		{48FAEA71-96F3-4F48-A7F1-4E06E519B2FE}.AppStore|iPhoneSimulator.Build.0 = Release|Any CPU
		{48FAEA71-96F3-4F48-A7F1-4E06E519B2FE}.AppStore|x64.ActiveCfg = Release|Any CPU
		{48FAEA71-96F3-4F48-A7F1-4E06E519B2FE}.AppStore|x64.Build.0 = Release|Any CPU
		{48FAEA71-96F3-4F48-A7F1-4E06E519B2FE}.AppStore|x86.ActiveCfg = Release|Any CPU
		{48FAEA71-96F3-4F48-A7F1-4E06E519B2FE}.AppStore|x86.Build.0 = Release|Any CPU
		{48FAEA71-96F3-4F48-A7F1-4E06E519B2FE}.Debug|Any CPU.ActiveCfg = Debug|Any CPU
		{48FAEA71-96F3-4F48-A7F1-4E06E519B2FE}.Debug|Any CPU.Build.0 = Debug|Any CPU
		{48FAEA71-96F3-4F48-A7F1-4E06E519B2FE}.Debug|ARM.ActiveCfg = Debug|Any CPU
		{48FAEA71-96F3-4F48-A7F1-4E06E519B2FE}.Debug|ARM.Build.0 = Debug|Any CPU
		{48FAEA71-96F3-4F48-A7F1-4E06E519B2FE}.Debug|iPhone.ActiveCfg = Debug|Any CPU
		{48FAEA71-96F3-4F48-A7F1-4E06E519B2FE}.Debug|iPhone.Build.0 = Debug|Any CPU
		{48FAEA71-96F3-4F48-A7F1-4E06E519B2FE}.Debug|iPhoneSimulator.ActiveCfg = Debug|Any CPU
		{48FAEA71-96F3-4F48-A7F1-4E06E519B2FE}.Debug|iPhoneSimulator.Build.0 = Debug|Any CPU
		{48FAEA71-96F3-4F48-A7F1-4E06E519B2FE}.Debug|x64.ActiveCfg = Debug|Any CPU
		{48FAEA71-96F3-4F48-A7F1-4E06E519B2FE}.Debug|x64.Build.0 = Debug|Any CPU
		{48FAEA71-96F3-4F48-A7F1-4E06E519B2FE}.Debug|x86.ActiveCfg = Debug|Any CPU
		{48FAEA71-96F3-4F48-A7F1-4E06E519B2FE}.Debug|x86.Build.0 = Debug|Any CPU
		{48FAEA71-96F3-4F48-A7F1-4E06E519B2FE}.Release|Any CPU.ActiveCfg = Release|Any CPU
		{48FAEA71-96F3-4F48-A7F1-4E06E519B2FE}.Release|Any CPU.Build.0 = Release|Any CPU
		{48FAEA71-96F3-4F48-A7F1-4E06E519B2FE}.Release|ARM.ActiveCfg = Release|Any CPU
		{48FAEA71-96F3-4F48-A7F1-4E06E519B2FE}.Release|ARM.Build.0 = Release|Any CPU
		{48FAEA71-96F3-4F48-A7F1-4E06E519B2FE}.Release|iPhone.ActiveCfg = Release|Any CPU
		{48FAEA71-96F3-4F48-A7F1-4E06E519B2FE}.Release|iPhone.Build.0 = Release|Any CPU
		{48FAEA71-96F3-4F48-A7F1-4E06E519B2FE}.Release|iPhoneSimulator.ActiveCfg = Release|Any CPU
		{48FAEA71-96F3-4F48-A7F1-4E06E519B2FE}.Release|iPhoneSimulator.Build.0 = Release|Any CPU
		{48FAEA71-96F3-4F48-A7F1-4E06E519B2FE}.Release|x64.ActiveCfg = Release|Any CPU
		{48FAEA71-96F3-4F48-A7F1-4E06E519B2FE}.Release|x64.Build.0 = Release|Any CPU
		{48FAEA71-96F3-4F48-A7F1-4E06E519B2FE}.Release|x86.ActiveCfg = Release|Any CPU
		{48FAEA71-96F3-4F48-A7F1-4E06E519B2FE}.Release|x86.Build.0 = Release|Any CPU
		{E64D01FA-0961-4320-BAD9-584B145B469E}.Ad-Hoc|Any CPU.ActiveCfg = Release|Any CPU
		{E64D01FA-0961-4320-BAD9-584B145B469E}.Ad-Hoc|Any CPU.Build.0 = Release|Any CPU
		{E64D01FA-0961-4320-BAD9-584B145B469E}.Ad-Hoc|ARM.ActiveCfg = Release|ARM
		{E64D01FA-0961-4320-BAD9-584B145B469E}.Ad-Hoc|ARM.Build.0 = Release|ARM
		{E64D01FA-0961-4320-BAD9-584B145B469E}.Ad-Hoc|iPhone.ActiveCfg = Release|Any CPU
		{E64D01FA-0961-4320-BAD9-584B145B469E}.Ad-Hoc|iPhone.Build.0 = Release|Any CPU
		{E64D01FA-0961-4320-BAD9-584B145B469E}.Ad-Hoc|iPhoneSimulator.ActiveCfg = Release|Any CPU
		{E64D01FA-0961-4320-BAD9-584B145B469E}.Ad-Hoc|iPhoneSimulator.Build.0 = Release|Any CPU
		{E64D01FA-0961-4320-BAD9-584B145B469E}.Ad-Hoc|x64.ActiveCfg = Release|x64
		{E64D01FA-0961-4320-BAD9-584B145B469E}.Ad-Hoc|x64.Build.0 = Release|x64
		{E64D01FA-0961-4320-BAD9-584B145B469E}.Ad-Hoc|x86.ActiveCfg = Release|x86
		{E64D01FA-0961-4320-BAD9-584B145B469E}.Ad-Hoc|x86.Build.0 = Release|x86
		{E64D01FA-0961-4320-BAD9-584B145B469E}.AppStore|Any CPU.ActiveCfg = Release|Any CPU
		{E64D01FA-0961-4320-BAD9-584B145B469E}.AppStore|Any CPU.Build.0 = Release|Any CPU
		{E64D01FA-0961-4320-BAD9-584B145B469E}.AppStore|ARM.ActiveCfg = Release|ARM
		{E64D01FA-0961-4320-BAD9-584B145B469E}.AppStore|ARM.Build.0 = Release|ARM
		{E64D01FA-0961-4320-BAD9-584B145B469E}.AppStore|iPhone.ActiveCfg = Release|Any CPU
		{E64D01FA-0961-4320-BAD9-584B145B469E}.AppStore|iPhone.Build.0 = Release|Any CPU
		{E64D01FA-0961-4320-BAD9-584B145B469E}.AppStore|iPhoneSimulator.ActiveCfg = Release|Any CPU
		{E64D01FA-0961-4320-BAD9-584B145B469E}.AppStore|iPhoneSimulator.Build.0 = Release|Any CPU
		{E64D01FA-0961-4320-BAD9-584B145B469E}.AppStore|x64.ActiveCfg = Release|x64
		{E64D01FA-0961-4320-BAD9-584B145B469E}.AppStore|x64.Build.0 = Release|x64
		{E64D01FA-0961-4320-BAD9-584B145B469E}.AppStore|x86.ActiveCfg = Release|x86
		{E64D01FA-0961-4320-BAD9-584B145B469E}.AppStore|x86.Build.0 = Release|x86
		{E64D01FA-0961-4320-BAD9-584B145B469E}.Debug|Any CPU.ActiveCfg = Debug|Any CPU
		{E64D01FA-0961-4320-BAD9-584B145B469E}.Debug|Any CPU.Build.0 = Debug|Any CPU
		{E64D01FA-0961-4320-BAD9-584B145B469E}.Debug|ARM.ActiveCfg = Debug|ARM
		{E64D01FA-0961-4320-BAD9-584B145B469E}.Debug|ARM.Build.0 = Debug|ARM
		{E64D01FA-0961-4320-BAD9-584B145B469E}.Debug|iPhone.ActiveCfg = Debug|Any CPU
		{E64D01FA-0961-4320-BAD9-584B145B469E}.Debug|iPhone.Build.0 = Debug|Any CPU
		{E64D01FA-0961-4320-BAD9-584B145B469E}.Debug|iPhoneSimulator.ActiveCfg = Debug|Any CPU
		{E64D01FA-0961-4320-BAD9-584B145B469E}.Debug|iPhoneSimulator.Build.0 = Debug|Any CPU
		{E64D01FA-0961-4320-BAD9-584B145B469E}.Debug|x64.ActiveCfg = Debug|x64
		{E64D01FA-0961-4320-BAD9-584B145B469E}.Debug|x64.Build.0 = Debug|x64
		{E64D01FA-0961-4320-BAD9-584B145B469E}.Debug|x86.ActiveCfg = Debug|x86
		{E64D01FA-0961-4320-BAD9-584B145B469E}.Debug|x86.Build.0 = Debug|x86
		{E64D01FA-0961-4320-BAD9-584B145B469E}.Release|Any CPU.ActiveCfg = Release|Any CPU
		{E64D01FA-0961-4320-BAD9-584B145B469E}.Release|Any CPU.Build.0 = Release|Any CPU
		{E64D01FA-0961-4320-BAD9-584B145B469E}.Release|ARM.ActiveCfg = Release|ARM
		{E64D01FA-0961-4320-BAD9-584B145B469E}.Release|ARM.Build.0 = Release|ARM
		{E64D01FA-0961-4320-BAD9-584B145B469E}.Release|iPhone.ActiveCfg = Release|Any CPU
		{E64D01FA-0961-4320-BAD9-584B145B469E}.Release|iPhone.Build.0 = Release|Any CPU
		{E64D01FA-0961-4320-BAD9-584B145B469E}.Release|iPhoneSimulator.ActiveCfg = Release|Any CPU
		{E64D01FA-0961-4320-BAD9-584B145B469E}.Release|iPhoneSimulator.Build.0 = Release|Any CPU
		{E64D01FA-0961-4320-BAD9-584B145B469E}.Release|x64.ActiveCfg = Release|x64
		{E64D01FA-0961-4320-BAD9-584B145B469E}.Release|x64.Build.0 = Release|x64
		{E64D01FA-0961-4320-BAD9-584B145B469E}.Release|x86.ActiveCfg = Release|x86
		{E64D01FA-0961-4320-BAD9-584B145B469E}.Release|x86.Build.0 = Release|x86
	EndGlobalSection
	GlobalSection(SolutionProperties) = preSolution
		HideSolutionNode = FALSE
	EndGlobalSection
	GlobalSection(NestedProjects) = preSolution
		{C9A99337-07C3-4B46-B75D-6FA8345D67EC} = {395EF0D7-4566-4B8D-827B-462CF61FFD26}
		{06EC4DF0-3027-44F5-BA2A-7E4EC3E0AEFD} = {38A39412-E3B9-434E-93EB-0F1387247902}
		{45678EAA-7B84-46A5-B5CA-68997EDE0DC9} = {38A39412-E3B9-434E-93EB-0F1387247902}
		{13D69655-2561-4AA3-BB2D-C46914B2E1D6} = {38A39412-E3B9-434E-93EB-0F1387247902}
		{48FAEA71-96F3-4F48-A7F1-4E06E519B2FE} = {9F8BB3F0-BCDE-40D6-B97F-20EDFEFEC1D5}
		{E64D01FA-0961-4320-BAD9-584B145B469E} = {9F8BB3F0-BCDE-40D6-B97F-20EDFEFEC1D5}
		{9F8BB3F0-BCDE-40D6-B97F-20EDFEFEC1D5} = {395EF0D7-4566-4B8D-827B-462CF61FFD26}
	EndGlobalSection
EndGlobal
