
Microsoft Visual Studio Solution File, Format Version 12.00
# Visual Studio 15
VisualStudioVersion = 15.0.26730.16
MinimumVisualStudioVersion = 10.0.40219.1
Project("{9A19103F-16F7-4668-BE54-9A1E7A4F7556}") = "EraCS.Core.Test.Program", "EraCS.Core.Test.Program\EraCS.Core.Test.Program.csproj", "{06EC4DF0-3027-44F5-BA2A-7E4EC3E0AEFD}"
EndProject
Project("{9A19103F-16F7-4668-BE54-9A1E7A4F7556}") = "EraCS.Core", "EraCS.Core\EraCS.Core.csproj", "{D5802D09-2A16-4B0C-8B39-780B6209864E}"
EndProject
Project("{9A19103F-16F7-4668-BE54-9A1E7A4F7556}") = "EraCS.UI.EraConsole", "EraCS.UI.EraConsole\EraCS.UI.EraConsole.csproj", "{EF30A55D-7CAF-46F5-9379-F787992BC234}"
EndProject
Project("{FAE04EC0-301F-11D3-BF4B-00C04F79EFBC}") = "EraCS.UI.FrontEnd", "EraCS.UI.FrontEnd\EraCS.UI.FrontEnd.csproj", "{1F6D60B8-AACC-4FAB-8D5D-E9CDD7E299EE}"
EndProject
Project("{FAE04EC0-301F-11D3-BF4B-00C04F79EFBC}") = "EraCS.UI.FrontEnd.Test", "EraCS.UI.FrontEnd.Test\EraCS.UI.FrontEnd.Test.csproj", "{C3CAE5A2-803C-4DB4-BE0E-B672543AAB4E}"
EndProject
Project("{FAE04EC0-301F-11D3-BF4B-00C04F79EFBC}") = "EraCS.UI.FrontEnd.Test.GTK", "EraCS.UI.FrontEnd.Test.GTK\EraCS.UI.FrontEnd.Test.GTK.csproj", "{EA63A17C-58DD-4340-8253-E76B54F06B6C}"
EndProject
Global
	GlobalSection(SolutionConfigurationPlatforms) = preSolution
		Debug|Any CPU = Debug|Any CPU
		Debug|x64 = Debug|x64
		Release|Any CPU = Release|Any CPU
		Release|x64 = Release|x64
	EndGlobalSection
	GlobalSection(ProjectConfigurationPlatforms) = postSolution
		{06EC4DF0-3027-44F5-BA2A-7E4EC3E0AEFD}.Debug|Any CPU.ActiveCfg = Debug|Any CPU
		{06EC4DF0-3027-44F5-BA2A-7E4EC3E0AEFD}.Debug|Any CPU.Build.0 = Debug|Any CPU
		{06EC4DF0-3027-44F5-BA2A-7E4EC3E0AEFD}.Debug|x64.ActiveCfg = Debug|Any CPU
		{06EC4DF0-3027-44F5-BA2A-7E4EC3E0AEFD}.Debug|x64.Build.0 = Debug|Any CPU
		{06EC4DF0-3027-44F5-BA2A-7E4EC3E0AEFD}.Release|Any CPU.ActiveCfg = Release|Any CPU
		{06EC4DF0-3027-44F5-BA2A-7E4EC3E0AEFD}.Release|Any CPU.Build.0 = Release|Any CPU
		{06EC4DF0-3027-44F5-BA2A-7E4EC3E0AEFD}.Release|x64.ActiveCfg = Release|Any CPU
		{06EC4DF0-3027-44F5-BA2A-7E4EC3E0AEFD}.Release|x64.Build.0 = Release|Any CPU
		{D5802D09-2A16-4B0C-8B39-780B6209864E}.Debug|Any CPU.ActiveCfg = Debug|Any CPU
		{D5802D09-2A16-4B0C-8B39-780B6209864E}.Debug|Any CPU.Build.0 = Debug|Any CPU
		{D5802D09-2A16-4B0C-8B39-780B6209864E}.Debug|x64.ActiveCfg = Debug|Any CPU
		{D5802D09-2A16-4B0C-8B39-780B6209864E}.Debug|x64.Build.0 = Debug|Any CPU
		{D5802D09-2A16-4B0C-8B39-780B6209864E}.Release|Any CPU.ActiveCfg = Release|Any CPU
		{D5802D09-2A16-4B0C-8B39-780B6209864E}.Release|Any CPU.Build.0 = Release|Any CPU
		{D5802D09-2A16-4B0C-8B39-780B6209864E}.Release|x64.ActiveCfg = Release|Any CPU
		{D5802D09-2A16-4B0C-8B39-780B6209864E}.Release|x64.Build.0 = Release|Any CPU
		{EF30A55D-7CAF-46F5-9379-F787992BC234}.Debug|Any CPU.ActiveCfg = Debug|Any CPU
		{EF30A55D-7CAF-46F5-9379-F787992BC234}.Debug|Any CPU.Build.0 = Debug|Any CPU
		{EF30A55D-7CAF-46F5-9379-F787992BC234}.Debug|x64.ActiveCfg = Debug|Any CPU
		{EF30A55D-7CAF-46F5-9379-F787992BC234}.Debug|x64.Build.0 = Debug|Any CPU
		{EF30A55D-7CAF-46F5-9379-F787992BC234}.Release|Any CPU.ActiveCfg = Release|Any CPU
		{EF30A55D-7CAF-46F5-9379-F787992BC234}.Release|Any CPU.Build.0 = Release|Any CPU
		{EF30A55D-7CAF-46F5-9379-F787992BC234}.Release|x64.ActiveCfg = Release|Any CPU
		{EF30A55D-7CAF-46F5-9379-F787992BC234}.Release|x64.Build.0 = Release|Any CPU
		{1F6D60B8-AACC-4FAB-8D5D-E9CDD7E299EE}.Debug|Any CPU.ActiveCfg = Debug|Any CPU
		{1F6D60B8-AACC-4FAB-8D5D-E9CDD7E299EE}.Debug|Any CPU.Build.0 = Debug|Any CPU
		{1F6D60B8-AACC-4FAB-8D5D-E9CDD7E299EE}.Debug|x64.ActiveCfg = Debug|Any CPU
		{1F6D60B8-AACC-4FAB-8D5D-E9CDD7E299EE}.Debug|x64.Build.0 = Debug|Any CPU
		{1F6D60B8-AACC-4FAB-8D5D-E9CDD7E299EE}.Release|Any CPU.ActiveCfg = Release|Any CPU
		{1F6D60B8-AACC-4FAB-8D5D-E9CDD7E299EE}.Release|Any CPU.Build.0 = Release|Any CPU
		{1F6D60B8-AACC-4FAB-8D5D-E9CDD7E299EE}.Release|x64.ActiveCfg = Release|Any CPU
		{1F6D60B8-AACC-4FAB-8D5D-E9CDD7E299EE}.Release|x64.Build.0 = Release|Any CPU
		{C3CAE5A2-803C-4DB4-BE0E-B672543AAB4E}.Debug|Any CPU.ActiveCfg = Debug|Any CPU
		{C3CAE5A2-803C-4DB4-BE0E-B672543AAB4E}.Debug|Any CPU.Build.0 = Debug|Any CPU
		{C3CAE5A2-803C-4DB4-BE0E-B672543AAB4E}.Debug|x64.ActiveCfg = Debug|Any CPU
		{C3CAE5A2-803C-4DB4-BE0E-B672543AAB4E}.Debug|x64.Build.0 = Debug|Any CPU
		{C3CAE5A2-803C-4DB4-BE0E-B672543AAB4E}.Release|Any CPU.ActiveCfg = Release|Any CPU
		{C3CAE5A2-803C-4DB4-BE0E-B672543AAB4E}.Release|Any CPU.Build.0 = Release|Any CPU
		{C3CAE5A2-803C-4DB4-BE0E-B672543AAB4E}.Release|x64.ActiveCfg = Release|Any CPU
		{C3CAE5A2-803C-4DB4-BE0E-B672543AAB4E}.Release|x64.Build.0 = Release|Any CPU
		{EA63A17C-58DD-4340-8253-E76B54F06B6C}.Debug|Any CPU.ActiveCfg = Debug|Any CPU
		{EA63A17C-58DD-4340-8253-E76B54F06B6C}.Debug|Any CPU.Build.0 = Debug|Any CPU
		{EA63A17C-58DD-4340-8253-E76B54F06B6C}.Debug|x64.ActiveCfg = Debug|Any CPU
		{EA63A17C-58DD-4340-8253-E76B54F06B6C}.Debug|x64.Build.0 = Debug|Any CPU
		{EA63A17C-58DD-4340-8253-E76B54F06B6C}.Release|Any CPU.ActiveCfg = Release|Any CPU
		{EA63A17C-58DD-4340-8253-E76B54F06B6C}.Release|Any CPU.Build.0 = Release|Any CPU
		{EA63A17C-58DD-4340-8253-E76B54F06B6C}.Release|x64.ActiveCfg = Release|Any CPU
		{EA63A17C-58DD-4340-8253-E76B54F06B6C}.Release|x64.Build.0 = Release|Any CPU
	EndGlobalSection
	GlobalSection(SolutionProperties) = preSolution
		HideSolutionNode = FALSE
	EndGlobalSection
	GlobalSection(ExtensibilityGlobals) = postSolution
		SolutionGuid = {D84263EA-2B0C-437C-A417-74BD77C9B87C}
	EndGlobalSection
EndGlobal
